
Microsoft Visual Studio Solution File, Format Version 12.00
# Visual Studio Version 17
VisualStudioVersion = 17.0.31903.59
MinimumVisualStudioVersion = 10.0.40219.1
Project("{9A19103F-16F7-4668-BE54-9A1E7A4F7556}") = "KeepLearning.MVC", "src\KeepLearning.MVC\KeepLearning.MVC.csproj", "{0DAB631F-0041-4063-98A5-8A53CF8326B8}"
EndProject
Project("{9A19103F-16F7-4668-BE54-9A1E7A4F7556}") = "KeepLearning.Domain", "src\KeepLearning.Domain\KeepLearning.Domain.csproj", "{B73AC084-E7CB-4136-96AA-45648529A86E}"
EndProject
Project("{9A19103F-16F7-4668-BE54-9A1E7A4F7556}") = "KeepLearning.Application", "src\KeepLearning.Application\KeepLearning.Application.csproj", "{EE96A942-EA70-4457-87C1-FEDE82BCF018}"
EndProject
Project("{9A19103F-16F7-4668-BE54-9A1E7A4F7556}") = "KeepLearning.Infrastructure", "src\KeepLearning.Infrastructure\KeepLearning.Infrastructure.csproj", "{DD7952C4-22B7-4408-8AF9-1FECA4D68A20}"
EndProject
Project("{9A19103F-16F7-4668-BE54-9A1E7A4F7556}") = "KeepLearning.Application.UnitTests", "tests\KeepLearning.Application.UnitTests\KeepLearning.Application.UnitTests.csproj", "{87BBC0BE-8065-4D64-A188-ECC59B35062C}"
EndProject
Project("{2150E333-8FDC-42A3-9474-1A3956D46DE8}") = "tests", "tests", "{8681EB6A-A66E-4026-8209-9CF79FC6D4DD}"
EndProject
Project("{9A19103F-16F7-4668-BE54-9A1E7A4F7556}") = "KeepLearning.Infrastructure.UnitTests", "tests\KeepLearning.Infrastructure.UnitTests\KeepLearning.Infrastructure.UnitTests.csproj", "{E29E17E1-7BE4-480B-9FCF-7C30A70BE3A2}"
EndProject
Project("{FAE04EC0-301F-11D3-BF4B-00C04F79EFBC}") = "KeepLearning.Infrastructure.IntegrationTests", "tests\KeepLearning.Infrastructure.IntegrationTests\KeepLearning.Infrastructure.IntegrationTests.csproj", "{34766885-F816-4A12-92A9-98751F1108BA}"
EndProject
Global
	GlobalSection(SolutionConfigurationPlatforms) = preSolution
		Debug|Any CPU = Debug|Any CPU
		Release|Any CPU = Release|Any CPU
	EndGlobalSection
	GlobalSection(ProjectConfigurationPlatforms) = postSolution
		{0DAB631F-0041-4063-98A5-8A53CF8326B8}.Debug|Any CPU.ActiveCfg = Debug|Any CPU
		{0DAB631F-0041-4063-98A5-8A53CF8326B8}.Debug|Any CPU.Build.0 = Debug|Any CPU
		{0DAB631F-0041-4063-98A5-8A53CF8326B8}.Release|Any CPU.ActiveCfg = Release|Any CPU
		{0DAB631F-0041-4063-98A5-8A53CF8326B8}.Release|Any CPU.Build.0 = Release|Any CPU
		{B73AC084-E7CB-4136-96AA-45648529A86E}.Debug|Any CPU.ActiveCfg = Debug|Any CPU
		{B73AC084-E7CB-4136-96AA-45648529A86E}.Debug|Any CPU.Build.0 = Debug|Any CPU
		{B73AC084-E7CB-4136-96AA-45648529A86E}.Release|Any CPU.ActiveCfg = Release|Any CPU
		{B73AC084-E7CB-4136-96AA-45648529A86E}.Release|Any CPU.Build.0 = Release|Any CPU
		{EE96A942-EA70-4457-87C1-FEDE82BCF018}.Debug|Any CPU.ActiveCfg = Debug|Any CPU
		{EE96A942-EA70-4457-87C1-FEDE82BCF018}.Debug|Any CPU.Build.0 = Debug|Any CPU
		{EE96A942-EA70-4457-87C1-FEDE82BCF018}.Release|Any CPU.ActiveCfg = Release|Any CPU
		{EE96A942-EA70-4457-87C1-FEDE82BCF018}.Release|Any CPU.Build.0 = Release|Any CPU
		{DD7952C4-22B7-4408-8AF9-1FECA4D68A20}.Debug|Any CPU.ActiveCfg = Debug|Any CPU
		{DD7952C4-22B7-4408-8AF9-1FECA4D68A20}.Debug|Any CPU.Build.0 = Debug|Any CPU
		{DD7952C4-22B7-4408-8AF9-1FECA4D68A20}.Release|Any CPU.ActiveCfg = Release|Any CPU
		{DD7952C4-22B7-4408-8AF9-1FECA4D68A20}.Release|Any CPU.Build.0 = Release|Any CPU
		{87BBC0BE-8065-4D64-A188-ECC59B35062C}.Debug|Any CPU.ActiveCfg = Debug|Any CPU
		{87BBC0BE-8065-4D64-A188-ECC59B35062C}.Debug|Any CPU.Build.0 = Debug|Any CPU
		{87BBC0BE-8065-4D64-A188-ECC59B35062C}.Release|Any CPU.ActiveCfg = Release|Any CPU
		{87BBC0BE-8065-4D64-A188-ECC59B35062C}.Release|Any CPU.Build.0 = Release|Any CPU
		{E29E17E1-7BE4-480B-9FCF-7C30A70BE3A2}.Debug|Any CPU.ActiveCfg = Debug|Any CPU
		{E29E17E1-7BE4-480B-9FCF-7C30A70BE3A2}.Debug|Any CPU.Build.0 = Debug|Any CPU
		{E29E17E1-7BE4-480B-9FCF-7C30A70BE3A2}.Release|Any CPU.ActiveCfg = Release|Any CPU
		{E29E17E1-7BE4-480B-9FCF-7C30A70BE3A2}.Release|Any CPU.Build.0 = Release|Any CPU
		{34766885-F816-4A12-92A9-98751F1108BA}.Debug|Any CPU.ActiveCfg = Debug|Any CPU
		{34766885-F816-4A12-92A9-98751F1108BA}.Debug|Any CPU.Build.0 = Debug|Any CPU
		{34766885-F816-4A12-92A9-98751F1108BA}.Release|Any CPU.ActiveCfg = Release|Any CPU
		{34766885-F816-4A12-92A9-98751F1108BA}.Release|Any CPU.Build.0 = Release|Any CPU
	EndGlobalSection
	GlobalSection(SolutionProperties) = preSolution
		HideSolutionNode = FALSE
	EndGlobalSection
	GlobalSection(NestedProjects) = preSolution
		{87BBC0BE-8065-4D64-A188-ECC59B35062C} = {8681EB6A-A66E-4026-8209-9CF79FC6D4DD}
		{E29E17E1-7BE4-480B-9FCF-7C30A70BE3A2} = {8681EB6A-A66E-4026-8209-9CF79FC6D4DD}
		{34766885-F816-4A12-92A9-98751F1108BA} = {8681EB6A-A66E-4026-8209-9CF79FC6D4DD}
	EndGlobalSection
	GlobalSection(ExtensibilityGlobals) = postSolution
		SolutionGuid = {ADFF1CAF-A835-4C95-AA57-29D0B11F7E71}
	EndGlobalSection
EndGlobal
